
Microsoft Visual Studio Solution File, Format Version 12.00
# Visual Studio Version 17
VisualStudioVersion = 17.4.33110.190
MinimumVisualStudioVersion = 10.0.40219.1
Project("{FAE04EC0-301F-11D3-BF4B-00C04F79EFBC}") = "Bank 3.0", "Bank 3.0\Bank 3.0.csproj", "{FDB8AD89-9C4F-4BBF-A824-F6A602E25ED1}"
EndProject
Global
	GlobalSection(SolutionConfigurationPlatforms) = preSolution
		Debug|Any CPU = Debug|Any CPU
		Release|Any CPU = Release|Any CPU
	EndGlobalSection
	GlobalSection(ProjectConfigurationPlatforms) = postSolution
		{FDB8AD89-9C4F-4BBF-A824-F6A602E25ED1}.Debug|Any CPU.ActiveCfg = Debug|Any CPU
		{FDB8AD89-9C4F-4BBF-A824-F6A602E25ED1}.Debug|Any CPU.Build.0 = Debug|Any CPU
		{FDB8AD89-9C4F-4BBF-A824-F6A602E25ED1}.Release|Any CPU.ActiveCfg = Release|Any CPU
		{FDB8AD89-9C4F-4BBF-A824-F6A602E25ED1}.Release|Any CPU.Build.0 = Release|Any CPU
	EndGlobalSection
	GlobalSection(SolutionProperties) = preSolution
		HideSolutionNode = FALSE
	EndGlobalSection
	GlobalSection(ExtensibilityGlobals) = postSolution
		SolutionGuid = {BA76E5B8-7408-4405-A15A-5F464A9876B1}
	EndGlobalSection
EndGlobal
